
Microsoft Visual Studio Solution File, Format Version 12.00
# Visual Studio Version 16
VisualStudioVersion = 16.0.31410.357
MinimumVisualStudioVersion = 10.0.40219.1
Project("{FAE04EC0-301F-11D3-BF4B-00C04F79EFBC}") = "DSComp", "DSComp\DSComp.csproj", "{9B1BE29B-92E3-48D5-BA1C-C90894062DDD}"
EndProject
Global
	GlobalSection(SolutionConfigurationPlatforms) = preSolution
		Debug|Any CPU = Debug|Any CPU
		Release|Any CPU = Release|Any CPU
	EndGlobalSection
	GlobalSection(ProjectConfigurationPlatforms) = postSolution
		{9B1BE29B-92E3-48D5-BA1C-C90894062DDD}.Debug|Any CPU.ActiveCfg = Debug|Any CPU
		{9B1BE29B-92E3-48D5-BA1C-C90894062DDD}.Debug|Any CPU.Build.0 = Debug|Any CPU
		{9B1BE29B-92E3-48D5-BA1C-C90894062DDD}.Release|Any CPU.ActiveCfg = Release|Any CPU
		{9B1BE29B-92E3-48D5-BA1C-C90894062DDD}.Release|Any CPU.Build.0 = Release|Any CPU
	EndGlobalSection
	GlobalSection(SolutionProperties) = preSolution
		HideSolutionNode = FALSE
	EndGlobalSection
	GlobalSection(ExtensibilityGlobals) = postSolution
		SolutionGuid = {CB22CC50-29E9-485F-B18B-20B047110BB5}
	EndGlobalSection
EndGlobal
